<?xml version="1.0" encoding="UTF-8" standalone="yes" ?>
<CodeBlocks_project_file>
	<FileVersion major="1" minor="6" />
	<Project>
		<Option title="map-server" />
		<Option pch_mode="2" />
		<Option compiler="gcc" />
		<Build>
			<Target title="Debug Win32">
				<Option output="../map-server" prefix_auto="1" extension_auto="1" />
				<Option object_output="map-server/Debug Win32" />
				<Option type="1" />
				<Option compiler="gcc" />
				<Compiler>
					<Add option="-DWIN32" />
					<Add option="-D_WIN32" />
					<Add option="-D__WIN32" />
					<Add option="-D_DEBUG" />
					<Add option="-DPCRE_SUPPORT" />
					<Add option="-DFD_SETSIZE=4096" />
					<Add option="-DLIBCONFIG_STATIC" />
					<Add option="-DYY_USE_CONST" />
					<Add option="-W" />
					<Add option="-g" />
					<Add option="-O0" />
					<Add directory="../3rdparty/libconfig" />
					<Add directory="../3rdparty/mysql/include" />
					<Add directory="../3rdparty/zlib/include" />
					<Add directory="../3rdparty/pcre/include" />
					<Add directory="../3rdparty/msinttypes/include" />
					<Add directory="../3rdparty/mt19937ar" />
				</Compiler>
				<ResourceCompiler>
					<Add directory="../3rdparty/libconfig" />
					<Add directory="../3rdparty/mysql/include" />
					<Add directory="../3rdparty/zlib/include" />
					<Add directory="../3rdparty/pcre/include" />
					<Add directory="../3rdparty/msinttypes/include" />
					<Add directory="../3rdparty/mt19937ar" />
				</ResourceCompiler>
				<Linker>
					<Add library="libcmtd" />
					<Add library="oldnames" />
					<Add library="ws2_32" />
					<Add library="libmysql" />
					<Add library="zdll" />
					<Add library="pcre" />
					<Add directory="../3rdparty/mysql/lib" />
					<Add directory="../3rdparty/zlib/lib" />
					<Add directory="../3rdparty/pcre/lib" />
				</Linker>
			</Target>
			<Target title="Release Win32">
				<Option output="../map-server" prefix_auto="1" extension_auto="1" />
				<Option object_output="map-server/Release Win32" />
				<Option type="1" />
				<Option compiler="gcc" />
				<Compiler>
					<Add option="-DWIN32" />
					<Add option="-D_WIN32" />
					<Add option="-D__WIN32" />
					<Add option="-DNDEBUG" />
					<Add option="-DPCRE_SUPPORT" />
					<Add option="-DFD_SETSIZE=4096" />
					<Add option="-DLIBCONFIG_STATIC" />
					<Add option="-DYY_USE_CONST" />
					<Add option="-W" />
					<Add option="-O2" />
					<Add directory="../3rdparty/libconfig" />
					<Add directory="../3rdparty/mysql/include" />
					<Add directory="../3rdparty/zlib/include" />
					<Add directory="../3rdparty/pcre/include" />
					<Add directory="../3rdparty/msinttypes/include" />
					<Add directory="../3rdparty/mt19937ar" />
				</Compiler>
				<ResourceCompiler>
					<Add directory="../3rdparty/libconfig" />
					<Add directory="../3rdparty/mysql/include" />
					<Add directory="../3rdparty/zlib/include" />
					<Add directory="../3rdparty/pcre/include" />
					<Add directory="../3rdparty/msinttypes/include" />
					<Add directory="../3rdparty/mt19937ar" />
				</ResourceCompiler>
				<Linker>
					<Add library="libcmt" />
					<Add library="oldnames" />
					<Add library="ws2_32" />
					<Add library="libmysql" />
					<Add library="zdll" />
					<Add library="pcre" />
					<Add directory="../3rdparty/mysql/lib" />
					<Add directory="../3rdparty/zlib/lib" />
					<Add directory="../3rdparty/pcre/lib" />
				</Linker>
			</Target>
		</Build>
		<Unit filename="../3rdparty/libconfig/grammar.c">
			<Option compilerVar="CC" />
		</Unit>
		<Unit filename="../3rdparty/libconfig/grammar.h" />
		<Unit filename="../3rdparty/libconfig/libconfig.c">
			<Option compilerVar="CC" />
		</Unit>
		<Unit filename="../3rdparty/libconfig/libconfig.h" />
		<Unit filename="../3rdparty/libconfig/parsectx.h" />
		<Unit filename="../3rdparty/libconfig/scanctx.c">
			<Option compilerVar="CC" />
		</Unit>
		<Unit filename="../3rdparty/libconfig/scanctx.h" />
		<Unit filename="../3rdparty/libconfig/scanner.c">
			<Option compilerVar="CC" />
		</Unit>
		<Unit filename="../3rdparty/libconfig/scanner.h" />
		<Unit filename="../3rdparty/libconfig/strbuf.c">
			<Option compilerVar="CC" />
		</Unit>
		<Unit filename="../3rdparty/libconfig/strbuf.h" />
		<Unit filename="../3rdparty/libconfig/wincompat.h" />
		<Unit filename="../3rdparty/mt19937ar/mt19937ar.c">
			<Option compilerVar="CC" />
		</Unit>
		<Unit filename="../3rdparty/mt19937ar/mt19937ar.h" />
		<Unit filename="../src/common/HPM.c">
			<Option compilerVar="CC" />
		</Unit>
		<Unit filename="../src/common/HPM.h" />
		<Unit filename="../src/common/HPMi.h" />
		<Unit filename="../src/common/cbasetypes.h" />
		<Unit filename="../src/common/conf.c">
			<Option compilerVar="CC" />
		</Unit>
		<Unit filename="../src/common/conf.h" />
		<Unit filename="../src/common/console.c">
			<Option compilerVar="CC" />
		</Unit>
		<Unit filename="../src/common/console.h" />
		<Unit filename="../src/common/core.c">
			<Option compilerVar="CC" />
		</Unit>
		<Unit filename="../src/common/core.h" />
		<Unit filename="../src/common/db.c">
			<Option compilerVar="CC" />
		</Unit>
		<Unit filename="../src/common/db.h" />
		<Unit filename="../src/common/des.c">
			<Option compilerVar="CC" />
		</Unit>
		<Unit filename="../src/common/des.h" />
		<Unit filename="../src/common/ers.c">
			<Option compilerVar="CC" />
		</Unit>
		<Unit filename="../src/common/ers.h" />
		<Unit filename="../src/common/grfio.c">
			<Option compilerVar="CC" />
		</Unit>
		<Unit filename="../src/common/grfio.h" />
		<Unit filename="../src/common/malloc.c">
			<Option compilerVar="CC" />
		</Unit>
		<Unit filename="../src/common/malloc.h" />
		<Unit filename="../src/common/mapindex.c">
			<Option compilerVar="CC" />
		</Unit>
		<Unit filename="../src/common/mapindex.h" />
		<Unit filename="../src/common/md5calc.c">
			<Option compilerVar="CC" />
		</Unit>
		<Unit filename="../src/common/md5calc.h" />
		<Unit filename="../src/common/mmo.h" />
		<Unit filename="../src/common/mutex.c">
			<Option compilerVar="CC" />
		</Unit>
		<Unit filename="../src/common/mutex.h" />
		<Unit filename="../src/common/nullpo.c">
			<Option compilerVar="CC" />
		</Unit>
		<Unit filename="../src/common/nullpo.h" />
		<Unit filename="../src/common/random.c">
			<Option compilerVar="CC" />
		</Unit>
		<Unit filename="../src/common/random.h" />
		<Unit filename="../src/common/showmsg.c">
			<Option compilerVar="CC" />
		</Unit>
		<Unit filename="../src/common/showmsg.h" />
		<Unit filename="../src/common/socket.c">
			<Option compilerVar="CC" />
		</Unit>
		<Unit filename="../src/common/socket.h" />
		<Unit filename="../src/common/sql.c">
			<Option compilerVar="CC" />
		</Unit>
		<Unit filename="../src/common/sql.h" />
		<Unit filename="../src/common/strlib.c">
			<Option compilerVar="CC" />
		</Unit>
		<Unit filename="../src/common/strlib.h" />
		<Unit filename="../src/common/sysinfo.c">
			<Option compilerVar="CC" />
		</Unit>
		<Unit filename="../src/common/sysinfo.h" />
		<Unit filename="../src/common/thread.c">
			<Option compilerVar="CC" />
		</Unit>
		<Unit filename="../src/common/thread.h" />
		<Unit filename="../src/common/timer.c">
			<Option compilerVar="CC" />
		</Unit>
		<Unit filename="../src/common/timer.h" />
		<Unit filename="../src/common/utils.c">
			<Option compilerVar="CC" />
		</Unit>
		<Unit filename="../src/common/utils.h" />
		<Unit filename="../src/common/winapi.h" />
		<Unit filename="../src/config/classes/general.h" />
		<Unit filename="../src/config/const.h" />
		<Unit filename="../src/config/core.h" />
		<Unit filename="../src/config/renewal.h" />
		<Unit filename="../src/config/secure.h" />
		<Unit filename="../src/map/HPMmap.c">
			<Option compilerVar="CC" />
		</Unit>
		<Unit filename="../src/map/HPMmap.h" />
		<Unit filename="../src/map/atcommand.c">
			<Option compilerVar="CC" />
		</Unit>
		<Unit filename="../src/map/atcommand.h" />
		<Unit filename="../src/map/battle.c">
			<Option compilerVar="CC" />
		</Unit>
		<Unit filename="../src/map/battle.h" />
		<Unit filename="../src/map/battleground.c">
			<Option compilerVar="CC" />
		</Unit>
		<Unit filename="../src/map/battleground.h" />
		<Unit filename="../src/map/buyingstore.c">
			<Option compilerVar="CC" />
		</Unit>
		<Unit filename="../src/map/buyingstore.h" />
		<Unit filename="../src/map/chat.c">
			<Option compilerVar="CC" />
		</Unit>
		<Unit filename="../src/map/chat.h" />
		<Unit filename="../src/map/chrif.c">
			<Option compilerVar="CC" />
		</Unit>
		<Unit filename="../src/map/chrif.h" />
		<Unit filename="../src/map/clif.c">
			<Option compilerVar="CC" />
		</Unit>
		<Unit filename="../src/map/clif.h" />
		<Unit filename="../src/map/date.c">
			<Option compilerVar="CC" />
		</Unit>
		<Unit filename="../src/map/date.h" />
		<Unit filename="../src/map/duel.c">
			<Option compilerVar="CC" />
		</Unit>
		<Unit filename="../src/map/duel.h" />
		<Unit filename="../src/map/elemental.c">
			<Option compilerVar="CC" />
		</Unit>
		<Unit filename="../src/map/elemental.h" />
		<Unit filename="../src/map/guild.c">
			<Option compilerVar="CC" />
		</Unit>
		<Unit filename="../src/map/guild.h" />
		<Unit filename="../src/map/homunculus.c">
			<Option compilerVar="CC" />
		</Unit>
		<Unit filename="../src/map/homunculus.h" />
		<Unit filename="../src/map/instance.c">
			<Option compilerVar="CC" />
		</Unit>
		<Unit filename="../src/map/instance.h" />
		<Unit filename="../src/map/intif.c">
			<Option compilerVar="CC" />
		</Unit>
		<Unit filename="../src/map/intif.h" />
		<Unit filename="../src/map/irc-bot.c">
			<Option compilerVar="CC" />
		</Unit>
		<Unit filename="../src/map/irc-bot.h" />
		<Unit filename="../src/map/itemdb.c">
			<Option compilerVar="CC" />
		</Unit>
		<Unit filename="../src/map/itemdb.h" />
		<Unit filename="../src/map/log.c">
			<Option compilerVar="CC" />
		</Unit>
		<Unit filename="../src/map/log.h" />
		<Unit filename="../src/map/mail.c">
			<Option compilerVar="CC" />
		</Unit>
		<Unit filename="../src/map/mail.h" />
		<Unit filename="../src/map/map.c">
			<Option compilerVar="CC" />
		</Unit>
		<Unit filename="../src/map/map.h" />
		<Unit filename="../src/map/mapreg.h" />
		<Unit filename="../src/map/mapreg_sql.c">
			<Option compilerVar="CC" />
		</Unit>
		<Unit filename="../src/map/mercenary.c">
			<Option compilerVar="CC" />
		</Unit>
		<Unit filename="../src/map/mercenary.h" />
		<Unit filename="../src/map/mob.c">
			<Option compilerVar="CC" />
		</Unit>
		<Unit filename="../src/map/mob.h" />
		<Unit filename="../src/map/npc.c">
			<Option compilerVar="CC" />
		</Unit>
		<Unit filename="../src/map/npc.h" />
		<Unit filename="../src/map/npc_chat.c">
			<Option compilerVar="CC" />
		</Unit>
		<Unit filename="../src/map/packets.h" />
		<Unit filename="../src/map/packets_struct.h" />
		<Unit filename="../src/map/party.c">
			<Option compilerVar="CC" />
		</Unit>
		<Unit filename="../src/map/party.h" />
		<Unit filename="../src/map/path.c">
			<Option compilerVar="CC" />
		</Unit>
		<Unit filename="../src/map/path.h" />
		<Unit filename="../src/map/pc.c">
			<Option compilerVar="CC" />
		</Unit>
		<Unit filename="../src/map/pc.h" />
		<Unit filename="../src/map/pc_groups.c">
			<Option compilerVar="CC" />
		</Unit>
		<Unit filename="../src/map/pc_groups.h" />
		<Unit filename="../src/map/pet.c">
			<Option compilerVar="CC" />
		</Unit>
		<Unit filename="../src/map/pet.h" />
		<Unit filename="../src/map/quest.c">
			<Option compilerVar="CC" />
		</Unit>
		<Unit filename="../src/map/quest.h" />
		<Unit filename="../src/map/script.c">
			<Option compilerVar="CC" />
		</Unit>
		<Unit filename="../src/map/script.h" />
		<Unit filename="../src/map/searchstore.c">
			<Option compilerVar="CC" />
		</Unit>
		<Unit filename="../src/map/searchstore.h" />
		<Unit filename="../src/map/skill.c">
			<Option compilerVar="CC" />
		</Unit>
		<Unit filename="../src/map/skill.h" />
		<Unit filename="../src/map/status.c">
			<Option compilerVar="CC" />
		</Unit>
		<Unit filename="../src/map/status.h" />
		<Unit filename="../src/map/storage.c">
			<Option compilerVar="CC" />
		</Unit>
		<Unit filename="../src/map/storage.h" />
		<Unit filename="../src/map/trade.c">
			<Option compilerVar="CC" />
		</Unit>
		<Unit filename="../src/map/trade.h" />
		<Unit filename="../src/map/unit.c">
			<Option compilerVar="CC" />
		</Unit>
		<Unit filename="../src/map/unit.h" />
		<Unit filename="../src/map/vending.c">
			<Option compilerVar="CC" />
		</Unit>
		<Unit filename="../src/map/vending.h" />
		<Extensions>
			<envvars />
			<code_completion />
			<debugger />
			<lib_finder disable_auto="1" />
		</Extensions>
	</Project>
</CodeBlocks_project_file>
